
Microsoft Visual Studio Solution File, Format Version 12.00
# Visual Studio 15
VisualStudioVersion = 15.0.27428.2037
MinimumVisualStudioVersion = 10.0.40219.1
Project("{FAE04EC0-301F-11D3-BF4B-00C04F79EFBC}") = "MoverArquivosEntre2Diretorios", "MoverArquivosEntre2Diretorios\MoverArquivosEntre2Diretorios.csproj", "{B0F23ADB-F174-49EA-B4C7-46D2E7E4BE14}"
EndProject
Global
	GlobalSection(SolutionConfigurationPlatforms) = preSolution
		Debug|Any CPU = Debug|Any CPU
		Release|Any CPU = Release|Any CPU
	EndGlobalSection
	GlobalSection(ProjectConfigurationPlatforms) = postSolution
		{B0F23ADB-F174-49EA-B4C7-46D2E7E4BE14}.Debug|Any CPU.ActiveCfg = Debug|Any CPU
		{B0F23ADB-F174-49EA-B4C7-46D2E7E4BE14}.Debug|Any CPU.Build.0 = Debug|Any CPU
		{B0F23ADB-F174-49EA-B4C7-46D2E7E4BE14}.Release|Any CPU.ActiveCfg = Release|Any CPU
		{B0F23ADB-F174-49EA-B4C7-46D2E7E4BE14}.Release|Any CPU.Build.0 = Release|Any CPU
	EndGlobalSection
	GlobalSection(SolutionProperties) = preSolution
		HideSolutionNode = FALSE
	EndGlobalSection
	GlobalSection(ExtensibilityGlobals) = postSolution
		SolutionGuid = {EB1489D3-1C4D-4B6F-9F69-AC1F0F757D8D}
	EndGlobalSection
EndGlobal
